
Microsoft Visual Studio Solution File, Format Version 12.00
# Visual Studio 15
VisualStudioVersion = 15.0.28307.168
MinimumVisualStudioVersion = 10.0.40219.1
Project("{9A19103F-16F7-4668-BE54-9A1E7A4F7556}") = "AsyncInn", "AsyncInn\AsyncInn.csproj", "{C03FCD76-F4DC-45BF-9DA9-0BA2A38A6CF9}"
EndProject
Project("{FAE04EC0-301F-11D3-BF4B-00C04F79EFBC}") = "AsyncInnGetSetTests", "AsyncInnTest\AsyncInnGetSetTests.csproj", "{A73067BD-D6FC-4CA0-81E0-9E756AF46153}"
EndProject
Global
	GlobalSection(SolutionConfigurationPlatforms) = preSolution
		Debug|Any CPU = Debug|Any CPU
		Release|Any CPU = Release|Any CPU
	EndGlobalSection
	GlobalSection(ProjectConfigurationPlatforms) = postSolution
		{C03FCD76-F4DC-45BF-9DA9-0BA2A38A6CF9}.Debug|Any CPU.ActiveCfg = Debug|Any CPU
		{C03FCD76-F4DC-45BF-9DA9-0BA2A38A6CF9}.Debug|Any CPU.Build.0 = Debug|Any CPU
		{C03FCD76-F4DC-45BF-9DA9-0BA2A38A6CF9}.Release|Any CPU.ActiveCfg = Release|Any CPU
		{C03FCD76-F4DC-45BF-9DA9-0BA2A38A6CF9}.Release|Any CPU.Build.0 = Release|Any CPU
		{A73067BD-D6FC-4CA0-81E0-9E756AF46153}.Debug|Any CPU.ActiveCfg = Debug|Any CPU
		{A73067BD-D6FC-4CA0-81E0-9E756AF46153}.Debug|Any CPU.Build.0 = Debug|Any CPU
		{A73067BD-D6FC-4CA0-81E0-9E756AF46153}.Release|Any CPU.ActiveCfg = Release|Any CPU
		{A73067BD-D6FC-4CA0-81E0-9E756AF46153}.Release|Any CPU.Build.0 = Release|Any CPU
	EndGlobalSection
	GlobalSection(SolutionProperties) = preSolution
		HideSolutionNode = FALSE
	EndGlobalSection
	GlobalSection(ExtensibilityGlobals) = postSolution
		SolutionGuid = {ABC57F95-7EB8-49E4-B002-7A3A34F4E017}
	EndGlobalSection
EndGlobal
